{
  "version": 4,
  "terraform_version": "1.12.2",
  "serial": 13,
  "lineage": "6d3e5552-32f5-98d0-07b3-89872f9cc3c0",
  "outputs": {},
  "resources": [
    {
      "mode": "managed",
      "type": "grafana_folder",
      "name": "AWS",
      "provider": "provider[\"registry.terraform.io/grafana/grafana\"].cloud",
      "instances": [
        {
          "schema_version": 0,
          "attributes": {
            "id": "0:ceq8x43nnvri8f",
            "org_id": "0",
            "parent_folder_uid": "",
            "prevent_destroy_if_not_empty": false,
            "title": "AWS",
            "uid": "ceq8x43nnvri8f",
            "url": "https://sbglfj.grafana.net/dashboards/f/ceq8x43nnvri8f/aws"
          },
          "sensitive_attributes": [],
          "identity_schema_version": 0,
          "private": "bnVsbA=="
        }
      ]
    },
    {
      "mode": "managed",
      "type": "grafana_folder",
      "name": "ElasticSearch",
      "provider": "provider[\"registry.terraform.io/grafana/grafana\"].cloud",
      "instances": [
        {
          "schema_version": 0,
          "attributes": {
            "id": "0:feq8x43nnvri9d",
            "org_id": "0",
            "parent_folder_uid": "",
            "prevent_destroy_if_not_empty": false,
            "title": "ElasticSearch",
            "uid": "feq8x43nnvri9d",
            "url": "https://sbglfj.grafana.net/dashboards/f/feq8x43nnvri9d/elasticsearch"
          },
          "sensitive_attributes": [],
          "identity_schema_version": 0,
          "private": "bnVsbA=="
        }
      ]
    },
    {
      "mode": "managed",
      "type": "grafana_folder",
      "name": "InfluxDB",
      "provider": "provider[\"registry.terraform.io/grafana/grafana\"].cloud",
      "instances": [
        {
          "schema_version": 0,
          "attributes": {
            "id": "0:aeq8x43nqdnuof",
            "org_id": "0",
            "parent_folder_uid": "",
            "prevent_destroy_if_not_empty": false,
            "title": "InfluxDB",
            "uid": "aeq8x43nqdnuof",
            "url": "https://sbglfj.grafana.net/dashboards/f/aeq8x43nqdnuof/influxdb"
          },
          "sensitive_attributes": [],
          "identity_schema_version": 0,
          "private": "bnVsbA=="
        }
      ]
    }
  ],
  "check_results": null
}
